// !$*UTF8*$!
{
	archiveVersion = 1;
	classes = {
	};
	objectVersion = 50;
	objects = {

/* Begin PBXBuildFile section */
		EA6D708D2559222F00CB215B /* CustomButtonsApp.swift in Sources */ = {isa = PBXBuildFile; fileRef = EA6D708C2559222F00CB215B /* CustomButtonsApp.swift */; };
		EA6D708F2559222F00CB215B /* ContentView.swift in Sources */ = {isa = PBXBuildFile; fileRef = EA6D708E2559222F00CB215B /* ContentView.swift */; };
		EA6D70912559223300CB215B /* Assets.xcassets in Resources */ = {isa = PBXBuildFile; fileRef = EA6D70902559223300CB215B /* Assets.xcassets */; };
		EA6D70942559223300CB215B /* Preview Assets.xcassets in Resources */ = {isa = PBXBuildFile; fileRef = EA6D70932559223300CB215B /* Preview Assets.xcassets */; };
		EA6D709F2559223300CB215B /* CustomButtonsTests.swift in Sources */ = {isa = PBXBuildFile; fileRef = EA6D709E2559223300CB215B /* CustomButtonsTests.swift */; };
		EA6D70AA2559223300CB215B /* CustomButtonsUITests.swift in Sources */ = {isa = PBXBuildFile; fileRef = EA6D70A92559223300CB215B /* CustomButtonsUITests.swift */; };
/* End PBXBuildFile section */

/* Begin PBXContainerItemProxy section */
		EA6D709B2559223300CB215B /* PBXContainerItemProxy */ = {
			isa = PBXContainerItemProxy;
			containerPortal = EA6D70812559222F00CB215B /* Project object */;
			proxyType = 1;
			remoteGlobalIDString = EA6D70882559222F00CB215B;
			remoteInfo = CustomButtons;
		};
		EA6D70A62559223300CB215B /* PBXContainerItemProxy */ = {
			isa = PBXContainerItemProxy;
			containerPortal = EA6D70812559222F00CB215B /* Project object */;
			proxyType = 1;
			remoteGlobalIDString = EA6D70882559222F00CB215B;
			remoteInfo = CustomButtons;
		};
/* End PBXContainerItemProxy section */

/* Begin PBXFileReference section */
		EA6D70892559222F00CB215B /* CustomButtons.app */ = {isa = PBXFileReference; explicitFileType = wrapper.application; includeInIndex = 0; path = CustomButtons.app; sourceTree = BUILT_PRODUCTS_DIR; };
		EA6D708C2559222F00CB215B /* CustomButtonsApp.swift */ = {isa = PBXFileReference; lastKnownFileType = sourcecode.swift; path = CustomButtonsApp.swift; sourceTree = "<group>"; };
		EA6D708E2559222F00CB215B /* ContentView.swift */ = {isa = PBXFileReference; lastKnownFileType = sourcecode.swift; path = ContentView.swift; sourceTree = "<group>"; };
		EA6D70902559223300CB215B /* Assets.xcassets */ = {isa = PBXFileReference; lastKnownFileType = folder.assetcatalog; path = Assets.xcassets; sourceTree = "<group>"; };
		EA6D70932559223300CB215B /* Preview Assets.xcassets */ = {isa = PBXFileReference; lastKnownFileType = folder.assetcatalog; path = "Preview Assets.xcassets"; sourceTree = "<group>"; };
		EA6D70952559223300CB215B /* Info.plist */ = {isa = PBXFileReference; lastKnownFileType = text.plist.xml; path = Info.plist; sourceTree = "<group>"; };
		EA6D709A2559223300CB215B /* CustomButtonsTests.xctest */ = {isa = PBXFileReference; explicitFileType = wrapper.cfbundle; includeInIndex = 0; path = CustomButtonsTests.xctest; sourceTree = BUILT_PRODUCTS_DIR; };
		EA6D709E2559223300CB215B /* CustomButtonsTests.swift */ = {isa = PBXFileReference; lastKnownFileType = sourcecode.swift; path = CustomButtonsTests.swift; sourceTree = "<group>"; };
		EA6D70A02559223300CB215B /* Info.plist */ = {isa = PBXFileReference; lastKnownFileType = text.plist.xml; path = Info.plist; sourceTree = "<group>"; };
		EA6D70A52559223300CB215B /* CustomButtonsUITests.xctest */ = {isa = PBXFileReference; explicitFileType = wrapper.cfbundle; includeInIndex = 0; path = CustomButtonsUITests.xctest; sourceTree = BUILT_PRODUCTS_DIR; };
		EA6D70A92559223300CB215B /* CustomButtonsUITests.swift */ = {isa = PBXFileReference; lastKnownFileType = sourcecode.swift; path = CustomButtonsUITests.swift; sourceTree = "<group>"; };
		EA6D70AB2559223300CB215B /* Info.plist */ = {isa = PBXFileReference; lastKnownFileType = text.plist.xml; path = Info.plist; sourceTree = "<group>"; };
/* End PBXFileReference section */

/* Begin PBXFrameworksBuildPhase section */
		EA6D70862559222F00CB215B /* Frameworks */ = {
			isa = PBXFrameworksBuildPhase;
			buildActionMask = 2147483647;
			files = (
			);
			runOnlyForDeploymentPostprocessing = 0;
		};
		EA6D70972559223300CB215B /* Frameworks */ = {
			isa = PBXFrameworksBuildPhase;
			buildActionMask = 2147483647;
			files = (
			);
			runOnlyForDeploymentPostprocessing = 0;
		};
		EA6D70A22559223300CB215B /* Frameworks */ = {
			isa = PBXFrameworksBuildPhase;
			buildActionMask = 2147483647;
			files = (
			);
			runOnlyForDeploymentPostprocessing = 0;
		};
/* End PBXFrameworksBuildPhase section */

/* Begin PBXGroup section */
		EA6D70802559222F00CB215B = {
			isa = PBXGroup;
			children = (
				EA6D708B2559222F00CB215B /* CustomButtons */,
				EA6D709D2559223300CB215B /* CustomButtonsTests */,
				EA6D70A82559223300CB215B /* CustomButtonsUITests */,
				EA6D708A2559222F00CB215B /* Products */,
			);
			sourceTree = "<group>";
		};
		EA6D708A2559222F00CB215B /* Products */ = {
			isa = PBXGroup;
			children = (
				EA6D70892559222F00CB215B /* CustomButtons.app */,
				EA6D709A2559223300CB215B /* CustomButtonsTests.xctest */,
				EA6D70A52559223300CB215B /* CustomButtonsUITests.xctest */,
			);
			name = Products;
			sourceTree = "<group>";
		};
		EA6D708B2559222F00CB215B /* CustomButtons */ = {
			isa = PBXGroup;
			children = (
				EA6D708C2559222F00CB215B /* CustomButtonsApp.swift */,
				EA6D708E2559222F00CB215B /* ContentView.swift */,
				EA6D70902559223300CB215B /* Assets.xcassets */,
				EA6D70952559223300CB215B /* Info.plist */,
				EA6D70922559223300CB215B /* Preview Content */,
			);
			path = CustomButtons;
			sourceTree = "<group>";
		};
		EA6D70922559223300CB215B /* Preview Content */ = {
			isa = PBXGroup;
			children = (
				EA6D70932559223300CB215B /* Preview Assets.xcassets */,
			);
			path = "Preview Content";
			sourceTree = "<group>";
		};
		EA6D709D2559223300CB215B /* CustomButtonsTests */ = {
			isa = PBXGroup;
			children = (
				EA6D709E2559223300CB215B /* CustomButtonsTests.swift */,
				EA6D70A02559223300CB215B /* Info.plist */,
			);
			path = CustomButtonsTests;
			sourceTree = "<group>";
		};
		EA6D70A82559223300CB215B /* CustomButtonsUITests */ = {
			isa = PBXGroup;
			children = (
				EA6D70A92559223300CB215B /* CustomButtonsUITests.swift */,
				EA6D70AB2559223300CB215B /* Info.plist */,
			);
			path = CustomButtonsUITests;
			sourceTree = "<group>";
		};
/* End PBXGroup section */

/* Begin PBXNativeTarget section */
		EA6D70882559222F00CB215B /* CustomButtons */ = {
			isa = PBXNativeTarget;
			buildConfigurationList = EA6D70AE2559223300CB215B /* Build configuration list for PBXNativeTarget "CustomButtons" */;
			buildPhases = (
				EA6D70852559222F00CB215B /* Sources */,
				EA6D70862559222F00CB215B /* Frameworks */,
				EA6D70872559222F00CB215B /* Resources */,
			);
			buildRules = (
			);
			dependencies = (
			);
			name = CustomButtons;
			productName = CustomButtons;
			productReference = EA6D70892559222F00CB215B /* CustomButtons.app */;
			productType = "com.apple.product-type.application";
		};
		EA6D70992559223300CB215B /* CustomButtonsTests */ = {
			isa = PBXNativeTarget;
			buildConfigurationList = EA6D70B12559223300CB215B /* Build configuration list for PBXNativeTarget "CustomButtonsTests" */;
			buildPhases = (
				EA6D70962559223300CB215B /* Sources */,
				EA6D70972559223300CB215B /* Frameworks */,
				EA6D70982559223300CB215B /* Resources */,
			);
			buildRules = (
			);
			dependencies = (
				EA6D709C2559223300CB215B /* PBXTargetDependency */,
			);
			name = CustomButtonsTests;
			productName = CustomButtonsTests;
			productReference = EA6D709A2559223300CB215B /* CustomButtonsTests.xctest */;
			productType = "com.apple.product-type.bundle.unit-test";
		};
		EA6D70A42559223300CB215B /* CustomButtonsUITests */ = {
			isa = PBXNativeTarget;
			buildConfigurationList = EA6D70B42559223300CB215B /* Build configuration list for PBXNativeTarget "CustomButtonsUITests" */;
			buildPhases = (
				EA6D70A12559223300CB215B /* Sources */,
				EA6D70A22559223300CB215B /* Frameworks */,
				EA6D70A32559223300CB215B /* Resources */,
			);
			buildRules = (
			);
			dependencies = (
				EA6D70A72559223300CB215B /* PBXTargetDependency */,
			);
			name = CustomButtonsUITests;
			productName = CustomButtonsUITests;
			productReference = EA6D70A52559223300CB215B /* CustomButtonsUITests.xctest */;
			productType = "com.apple.product-type.bundle.ui-testing";
		};
/* End PBXNativeTarget section */

/* Begin PBXProject section */
		EA6D70812559222F00CB215B /* Project object */ = {
			isa = PBXProject;
			attributes = {
				LastSwiftUpdateCheck = 1210;
				LastUpgradeCheck = 1210;
				TargetAttributes = {
					EA6D70882559222F00CB215B = {
						CreatedOnToolsVersion = 12.1;
					};
					EA6D70992559223300CB215B = {
						CreatedOnToolsVersion = 12.1;
						TestTargetID = EA6D70882559222F00CB215B;
					};
					EA6D70A42559223300CB215B = {
						CreatedOnToolsVersion = 12.1;
						TestTargetID = EA6D70882559222F00CB215B;
					};
				};
			};
			buildConfigurationList = EA6D70842559222F00CB215B /* Build configuration list for PBXProject "CustomButtons" */;
			compatibilityVersion = "Xcode 9.3";
			developmentRegion = en;
			hasScannedForEncodings = 0;
			knownRegions = (
				en,
				Base,
			);
			mainGroup = EA6D70802559222F00CB215B;
			productRefGroup = EA6D708A2559222F00CB215B /* Products */;
			projectDirPath = "";
			projectRoot = "";
			targets = (
				EA6D70882559222F00CB215B /* CustomButtons */,
				EA6D70992559223300CB215B /* CustomButtonsTests */,
				EA6D70A42559223300CB215B /* CustomButtonsUITests */,
			);
		};
/* End PBXProject section */

/* Begin PBXResourcesBuildPhase section */
		EA6D70872559222F00CB215B /* Resources */ = {
			isa = PBXResourcesBuildPhase;
			buildActionMask = 2147483647;
			files = (
				EA6D70942559223300CB215B /* Preview Assets.xcassets in Resources */,
				EA6D70912559223300CB215B /* Assets.xcassets in Resources */,
			);
			runOnlyForDeploymentPostprocessing = 0;
		};
		EA6D70982559223300CB215B /* Resources */ = {
			isa = PBXResourcesBuildPhase;
			buildActionMask = 2147483647;
			files = (
			);
			runOnlyForDeploymentPostprocessing = 0;
		};
		EA6D70A32559223300CB215B /* Resources */ = {
			isa = PBXResourcesBuildPhase;
			buildActionMask = 2147483647;
			files = (
			);
			runOnlyForDeploymentPostprocessing = 0;
		};
/* End PBXResourcesBuildPhase section */

/* Begin PBXSourcesBuildPhase section */
		EA6D70852559222F00CB215B /* Sources */ = {
			isa = PBXSourcesBuildPhase;
			buildActionMask = 2147483647;
			files = (
				EA6D708F2559222F00CB215B /* ContentView.swift in Sources */,
				EA6D708D2559222F00CB215B /* CustomButtonsApp.swift in Sources */,
			);
			runOnlyForDeploymentPostprocessing = 0;
		};
		EA6D70962559223300CB215B /* Sources */ = {
			isa = PBXSourcesBuildPhase;
			buildActionMask = 2147483647;
			files = (
				EA6D709F2559223300CB215B /* CustomButtonsTests.swift in Sources */,
			);
			runOnlyForDeploymentPostprocessing = 0;
		};
		EA6D70A12559223300CB215B /* Sources */ = {
			isa = PBXSourcesBuildPhase;
			buildActionMask = 2147483647;
			files = (
				EA6D70AA2559223300CB215B /* CustomButtonsUITests.swift in Sources */,
			);
			runOnlyForDeploymentPostprocessing = 0;
		};
/* End PBXSourcesBuildPhase section */

/* Begin PBXTargetDependency section */
		EA6D709C2559223300CB215B /* PBXTargetDependency */ = {
			isa = PBXTargetDependency;
			target = EA6D70882559222F00CB215B /* CustomButtons */;
			targetProxy = EA6D709B2559223300CB215B /* PBXContainerItemProxy */;
		};
		EA6D70A72559223300CB215B /* PBXTargetDependency */ = {
			isa = PBXTargetDependency;
			target = EA6D70882559222F00CB215B /* CustomButtons */;
			targetProxy = EA6D70A62559223300CB215B /* PBXContainerItemProxy */;
		};
/* End PBXTargetDependency section */

/* Begin XCBuildConfiguration section */
		EA6D70AC2559223300CB215B /* Debug */ = {
			isa = XCBuildConfiguration;
			buildSettings = {
				ALWAYS_SEARCH_USER_PATHS = NO;
				CLANG_ANALYZER_NONNULL = YES;
				CLANG_ANALYZER_NUMBER_OBJECT_CONVERSION = YES_AGGRESSIVE;
				CLANG_CXX_LANGUAGE_STANDARD = "gnu++14";
				CLANG_CXX_LIBRARY = "libc++";
				CLANG_ENABLE_MODULES = YES;
				CLANG_ENABLE_OBJC_ARC = YES;
				CLANG_ENABLE_OBJC_WEAK = YES;
				CLANG_WARN_BLOCK_CAPTURE_AUTORELEASING = YES;
				CLANG_WARN_BOOL_CONVERSION = YES;
				CLANG_WARN_COMMA = YES;
				CLANG_WARN_CONSTANT_CONVERSION = YES;
				CLANG_WARN_DEPRECATED_OBJC_IMPLEMENTATIONS = YES;
				CLANG_WARN_DIRECT_OBJC_ISA_USAGE = YES_ERROR;
				CLANG_WARN_DOCUMENTATION_COMMENTS = YES;
				CLANG_WARN_EMPTY_BODY = YES;
				CLANG_WARN_ENUM_CONVERSION = YES;
				CLANG_WARN_INFINITE_RECURSION = YES;
				CLANG_WARN_INT_CONVERSION = YES;
				CLANG_WARN_NON_LITERAL_NULL_CONVERSION = YES;
				CLANG_WARN_OBJC_IMPLICIT_RETAIN_SELF = YES;
				CLANG_WARN_OBJC_LITERAL_CONVERSION = YES;
				CLANG_WARN_OBJC_ROOT_CLASS = YES_ERROR;
				CLANG_WARN_QUOTED_INCLUDE_IN_FRAMEWORK_HEADER = YES;
				CLANG_WARN_RANGE_LOOP_ANALYSIS = YES;
				CLANG_WARN_STRICT_PROTOTYPES = YES;
				CLANG_WARN_SUSPICIOUS_MOVE = YES;
				CLANG_WARN_UNGUARDED_AVAILABILITY = YES_AGGRESSIVE;
				CLANG_WARN_UNREACHABLE_CODE = YES;
				CLANG_WARN__DUPLICATE_METHOD_MATCH = YES;
				COPY_PHASE_STRIP = NO;
				DEBUG_INFORMATION_FORMAT = dwarf;
				ENABLE_STRICT_OBJC_MSGSEND = YES;
				ENABLE_TESTABILITY = YES;
				GCC_C_LANGUAGE_STANDARD = gnu11;
				GCC_DYNAMIC_NO_PIC = NO;
				GCC_NO_COMMON_BLOCKS = YES;
				GCC_OPTIMIZATION_LEVEL = 0;
				GCC_PREPROCESSOR_DEFINITIONS = (
					"DEBUG=1",
					"$(inherited)",
				);
				GCC_WARN_64_TO_32_BIT_CONVERSION = YES;
				GCC_WARN_ABOUT_RETURN_TYPE = YES_ERROR;
				GCC_WARN_UNDECLARED_SELECTOR = YES;
				GCC_WARN_UNINITIALIZED_AUTOS = YES_AGGRESSIVE;
				GCC_WARN_UNUSED_FUNCTION = YES;
				GCC_WARN_UNUSED_VARIABLE = YES;
				IPHONEOS_DEPLOYMENT_TARGET = 14.1;
				MTL_ENABLE_DEBUG_INFO = INCLUDE_SOURCE;
				MTL_FAST_MATH = YES;
				ONLY_ACTIVE_ARCH = YES;
				SDKROOT = iphoneos;
				SWIFT_ACTIVE_COMPILATION_CONDITIONS = DEBUG;
				SWIFT_OPTIMIZATION_LEVEL = "-Onone";
			};
			name = Debug;
		};
		EA6D70AD2559223300CB215B /* Release */ = {
			isa = XCBuildConfiguration;
			buildSettings = {
				ALWAYS_SEARCH_USER_PATHS = NO;
				CLANG_ANALYZER_NONNULL = YES;
				CLANG_ANALYZER_NUMBER_OBJECT_CONVERSION = YES_AGGRESSIVE;
				CLANG_CXX_LANGUAGE_STANDARD = "gnu++14";
				CLANG_CXX_LIBRARY = "libc++";
				CLANG_ENABLE_MODULES = YES;
				CLANG_ENABLE_OBJC_ARC = YES;
				CLANG_ENABLE_OBJC_WEAK = YES;
				CLANG_WARN_BLOCK_CAPTURE_AUTORELEASING = YES;
				CLANG_WARN_BOOL_CONVERSION = YES;
				CLANG_WARN_COMMA = YES;
				CLANG_WARN_CONSTANT_CONVERSION = YES;
				CLANG_WARN_DEPRECATED_OBJC_IMPLEMENTATIONS = YES;
				CLANG_WARN_DIRECT_OBJC_ISA_USAGE = YES_ERROR;
				CLANG_WARN_DOCUMENTATION_COMMENTS = YES;
				CLANG_WARN_EMPTY_BODY = YES;
				CLANG_WARN_ENUM_CONVERSION = YES;
				CLANG_WARN_INFINITE_RECURSION = YES;
				CLANG_WARN_INT_CONVERSION = YES;
				CLANG_WARN_NON_LITERAL_NULL_CONVERSION = YES;
				CLANG_WARN_OBJC_IMPLICIT_RETAIN_SELF = YES;
				CLANG_WARN_OBJC_LITERAL_CONVERSION = YES;
				CLANG_WARN_OBJC_ROOT_CLASS = YES_ERROR;
				CLANG_WARN_QUOTED_INCLUDE_IN_FRAMEWORK_HEADER = YES;
				CLANG_WARN_RANGE_LOOP_ANALYSIS = YES;
				CLANG_WARN_STRICT_PROTOTYPES = YES;
				CLANG_WARN_SUSPICIOUS_MOVE = YES;
				CLANG_WARN_UNGUARDED_AVAILABILITY = YES_AGGRESSIVE;
				CLANG_WARN_UNREACHABLE_CODE = YES;
				CLANG_WARN__DUPLICATE_METHOD_MATCH = YES;
				COPY_PHASE_STRIP = NO;
				DEBUG_INFORMATION_FORMAT = "dwarf-with-dsym";
				ENABLE_NS_ASSERTIONS = NO;
				ENABLE_STRICT_OBJC_MSGSEND = YES;
				GCC_C_LANGUAGE_STANDARD = gnu11;
				GCC_NO_COMMON_BLOCKS = YES;
				GCC_WARN_64_TO_32_BIT_CONVERSION = YES;
				GCC_WARN_ABOUT_RETURN_TYPE = YES_ERROR;
				GCC_WARN_UNDECLARED_SELECTOR = YES;
				GCC_WARN_UNINITIALIZED_AUTOS = YES_AGGRESSIVE;
				GCC_WARN_UNUSED_FUNCTION = YES;
				GCC_WARN_UNUSED_VARIABLE = YES;
				IPHONEOS_DEPLOYMENT_TARGET = 14.1;
				MTL_ENABLE_DEBUG_INFO = NO;
				MTL_FAST_MATH = YES;
				SDKROOT = iphoneos;
				SWIFT_COMPILATION_MODE = wholemodule;
				SWIFT_OPTIMIZATION_LEVEL = "-O";
				VALIDATE_PRODUCT = YES;
			};
			name = Release;
		};
		EA6D70AF2559223300CB215B /* Debug */ = {
			isa = XCBuildConfiguration;
			buildSettings = {
				ASSETCATALOG_COMPILER_APPICON_NAME = AppIcon;
				ASSETCATALOG_COMPILER_GLOBAL_ACCENT_COLOR_NAME = AccentColor;
				CODE_SIGN_STYLE = Automatic;
				DEVELOPMENT_ASSET_PATHS = "\"CustomButtons/Preview Content\"";
				ENABLE_PREVIEWS = YES;
				INFOPLIST_FILE = CustomButtons/Info.plist;
				IPHONEOS_DEPLOYMENT_TARGET = 14.0;
				LD_RUNPATH_SEARCH_PATHS = (
					"$(inherited)",
					"@executable_path/Frameworks",
				);
				PRODUCT_BUNDLE_IDENTIFIER = "Juicy-Call.CustomButtons";
				PRODUCT_NAME = "$(TARGET_NAME)";
				SWIFT_VERSION = 5.0;
				TARGETED_DEVICE_FAMILY = "1,2";
			};
			name = Debug;
		};
		EA6D70B02559223300CB215B /* Release */ = {
			isa = XCBuildConfiguration;
			buildSettings = {
				ASSETCATALOG_COMPILER_APPICON_NAME = AppIcon;
				ASSETCATALOG_COMPILER_GLOBAL_ACCENT_COLOR_NAME = AccentColor;
				CODE_SIGN_STYLE = Automatic;
				DEVELOPMENT_ASSET_PATHS = "\"CustomButtons/Preview Content\"";
				ENABLE_PREVIEWS = YES;
				INFOPLIST_FILE = CustomButtons/Info.plist;
				IPHONEOS_DEPLOYMENT_TARGET = 14.0;
				LD_RUNPATH_SEARCH_PATHS = (
					"$(inherited)",
					"@executable_path/Frameworks",
				);
				PRODUCT_BUNDLE_IDENTIFIER = "Juicy-Call.CustomButtons";
				PRODUCT_NAME = "$(TARGET_NAME)";
				SWIFT_VERSION = 5.0;
				TARGETED_DEVICE_FAMILY = "1,2";
			};
			name = Release;
		};
		EA6D70B22559223300CB215B /* Debug */ = {
			isa = XCBuildConfiguration;
			buildSettings = {
				ALWAYS_EMBED_SWIFT_STANDARD_LIBRARIES = YES;
				BUNDLE_LOADER = "$(TEST_HOST)";
				CODE_SIGN_STYLE = Automatic;
				INFOPLIST_FILE = CustomButtonsTests/Info.plist;
				IPHONEOS_DEPLOYMENT_TARGET = 14.0;
				LD_RUNPATH_SEARCH_PATHS = (
					"$(inherited)",
					"@executable_path/Frameworks",
					"@loader_path/Frameworks",
				);
				PRODUCT_BUNDLE_IDENTIFIER = "Juicy-Call.CustomButtonsTests";
				PRODUCT_NAME = "$(TARGET_NAME)";
				SWIFT_VERSION = 5.0;
				TARGETED_DEVICE_FAMILY = "1,2";
				TEST_HOST = "$(BUILT_PRODUCTS_DIR)/CustomButtons.app/CustomButtons";
			};
			name = Debug;
		};
		EA6D70B32559223300CB215B /* Release */ = {
			isa = XCBuildConfiguration;
			buildSettings = {
				ALWAYS_EMBED_SWIFT_STANDARD_LIBRARIES = YES;
				BUNDLE_LOADER = "$(TEST_HOST)";
				CODE_SIGN_STYLE = Automatic;
				INFOPLIST_FILE = CustomButtonsTests/Info.plist;
				IPHONEOS_DEPLOYMENT_TARGET = 14.0;
				LD_RUNPATH_SEARCH_PATHS = (
					"$(inherited)",
					"@executable_path/Frameworks",
					"@loader_path/Frameworks",
				);
				PRODUCT_BUNDLE_IDENTIFIER = "Juicy-Call.CustomButtonsTests";
				PRODUCT_NAME = "$(TARGET_NAME)";
				SWIFT_VERSION = 5.0;
				TARGETED_DEVICE_FAMILY = "1,2";
				TEST_HOST = "$(BUILT_PRODUCTS_DIR)/CustomButtons.app/CustomButtons";
			};
			name = Release;
		};
		EA6D70B52559223300CB215B /* Debug */ = {
			isa = XCBuildConfiguration;
			buildSettings = {
				ALWAYS_EMBED_SWIFT_STANDARD_LIBRARIES = YES;
				CODE_SIGN_STYLE = Automatic;
				INFOPLIST_FILE = CustomButtonsUITests/Info.plist;
				LD_RUNPATH_SEARCH_PATHS = (
					"$(inherited)",
					"@executable_path/Frameworks",
					"@loader_path/Frameworks",
				);
				PRODUCT_BUNDLE_IDENTIFIER = "Juicy-Call.CustomButtonsUITests";
				PRODUCT_NAME = "$(TARGET_NAME)";
				SWIFT_VERSION = 5.0;
				TARGETED_DEVICE_FAMILY = "1,2";
				TEST_TARGET_NAME = CustomButtons;
			};
			name = Debug;
		};
		EA6D70B62559223300CB215B /* Release */ = {
			isa = XCBuildConfiguration;
			buildSettings = {
				ALWAYS_EMBED_SWIFT_STANDARD_LIBRARIES = YES;
				CODE_SIGN_STYLE = Automatic;
				INFOPLIST_FILE = CustomButtonsUITests/Info.plist;
				LD_RUNPATH_SEARCH_PATHS = (
					"$(inherited)",
					"@executable_path/Frameworks",
					"@loader_path/Frameworks",
				);
				PRODUCT_BUNDLE_IDENTIFIER = "Juicy-Call.CustomButtonsUITests";
				PRODUCT_NAME = "$(TARGET_NAME)";
				SWIFT_VERSION = 5.0;
				TARGETED_DEVICE_FAMILY = "1,2";
				TEST_TARGET_NAME = CustomButtons;
			};
			name = Release;
		};
/* End XCBuildConfiguration section */

/* Begin XCConfigurationList section */
		EA6D70842559222F00CB215B /* Build configuration list for PBXProject "CustomButtons" */ = {
			isa = XCConfigurationList;
			buildConfigurations = (
				EA6D70AC2559223300CB215B /* Debug */,
				EA6D70AD2559223300CB215B /* Release */,
			);
			defaultConfigurationIsVisible = 0;
			defaultConfigurationName = Release;
		};
		EA6D70AE2559223300CB215B /* Build configuration list for PBXNativeTarget "CustomButtons" */ = {
			isa = XCConfigurationList;
			buildConfigurations = (
				EA6D70AF2559223300CB215B /* Debug */,
				EA6D70B02559223300CB215B /* Release */,
			);
			defaultConfigurationIsVisible = 0;
			defaultConfigurationName = Release;
		};
		EA6D70B12559223300CB215B /* Build configuration list for PBXNativeTarget "CustomButtonsTests" */ = {
			isa = XCConfigurationList;
			buildConfigurations = (
				EA6D70B22559223300CB215B /* Debug */,
				EA6D70B32559223300CB215B /* Release */,
			);
			defaultConfigurationIsVisible = 0;
			defaultConfigurationName = Release;
		};
		EA6D70B42559223300CB215B /* Build configuration list for PBXNativeTarget "CustomButtonsUITests" */ = {
			isa = XCConfigurationList;
			buildConfigurations = (
				EA6D70B52559223300CB215B /* Debug */,
				EA6D70B62559223300CB215B /* Release */,
			);
			defaultConfigurationIsVisible = 0;
			defaultConfigurationName = Release;
		};
/* End XCConfigurationList section */
	};
	rootObject = EA6D70812559222F00CB215B /* Project object */;
}
